
Microsoft Visual Studio Solution File, Format Version 12.00
# Visual Studio Version 16
VisualStudioVersion = 16.0.30011.22
MinimumVisualStudioVersion = 10.0.40219.1
Project("{FAE04EC0-301F-11D3-BF4B-00C04F79EFBC}") = "eYes DesktopApp Proj", "eYes DesktopApp Proj.csproj", "{B0CE09F2-437A-4EE4-B91B-2AF6A874352B}"
EndProject
Project("{54435603-DBB4-11D2-8724-00A0C9A8B90C}") = "Setup", "..\Setup\Setup.vdproj", "{B0A35D5D-9FBA-42ED-8161-8A3EE29F795C}"
EndProject
Global
	GlobalSection(SolutionConfigurationPlatforms) = preSolution
		Debug|Any CPU = Debug|Any CPU
		Release|Any CPU = Release|Any CPU
	EndGlobalSection
	GlobalSection(ProjectConfigurationPlatforms) = postSolution
		{B0CE09F2-437A-4EE4-B91B-2AF6A874352B}.Debug|Any CPU.ActiveCfg = Debug|Any CPU
		{B0CE09F2-437A-4EE4-B91B-2AF6A874352B}.Debug|Any CPU.Build.0 = Debug|Any CPU
		{B0CE09F2-437A-4EE4-B91B-2AF6A874352B}.Release|Any CPU.ActiveCfg = Release|Any CPU
		{B0CE09F2-437A-4EE4-B91B-2AF6A874352B}.Release|Any CPU.Build.0 = Release|Any CPU
		{B0A35D5D-9FBA-42ED-8161-8A3EE29F795C}.Debug|Any CPU.ActiveCfg = Debug
		{B0A35D5D-9FBA-42ED-8161-8A3EE29F795C}.Release|Any CPU.ActiveCfg = Release
	EndGlobalSection
	GlobalSection(SolutionProperties) = preSolution
		HideSolutionNode = FALSE
	EndGlobalSection
	GlobalSection(ExtensibilityGlobals) = postSolution
		SolutionGuid = {F48FF618-C44C-40B0-9616-E5FDD146B051}
	EndGlobalSection
EndGlobal
